
Microsoft Visual Studio Solution File, Format Version 12.00
# Visual Studio 15
VisualStudioVersion = 15.0.28307.168
MinimumVisualStudioVersion = 10.0.40219.1
Project("{FAE04EC0-301F-11D3-BF4B-00C04F79EFBC}") = "go", "go\go.csproj", "{77FAC1CA-B0FB-4DCA-8CFB-07C83A4F3B31}"
EndProject
Global
	GlobalSection(SolutionConfigurationPlatforms) = preSolution
		Debug|Any CPU = Debug|Any CPU
		Release|Any CPU = Release|Any CPU
	EndGlobalSection
	GlobalSection(ProjectConfigurationPlatforms) = postSolution
		{77FAC1CA-B0FB-4DCA-8CFB-07C83A4F3B31}.Debug|Any CPU.ActiveCfg = Debug|Any CPU
		{77FAC1CA-B0FB-4DCA-8CFB-07C83A4F3B31}.Debug|Any CPU.Build.0 = Debug|Any CPU
		{77FAC1CA-B0FB-4DCA-8CFB-07C83A4F3B31}.Release|Any CPU.ActiveCfg = Release|Any CPU
		{77FAC1CA-B0FB-4DCA-8CFB-07C83A4F3B31}.Release|Any CPU.Build.0 = Release|Any CPU
	EndGlobalSection
	GlobalSection(SolutionProperties) = preSolution
		HideSolutionNode = FALSE
	EndGlobalSection
	GlobalSection(ExtensibilityGlobals) = postSolution
		SolutionGuid = {21C564BE-B09A-44CA-B8DC-618AE16FD3AF}
	EndGlobalSection
EndGlobal
